
Microsoft Visual Studio Solution File, Format Version 12.00
Project("{FAE04EC0-301F-11D3-BF4B-00C04F79EFBC}") = "RestaurantService", "src\RestaurantService\RestaurantService.csproj", "{CEE49915-04B9-4810-910B-40D0A35DB630}"
EndProject
Project("{FAE04EC0-301F-11D3-BF4B-00C04F79EFBC}") = "Data.Core", "src\Data.Core\Data.Core.csproj", "{4DD244BD-E70E-4F22-87B3-A74C966678D7}"
EndProject
Project("{FAE04EC0-301F-11D3-BF4B-00C04F79EFBC}") = "CurationService", "src\CurationService\CurationService.csproj", "{9A2DDE0A-80A9-4DC1-B9CF-01C4F6C7EF06}"
EndProject
Project("{FAE04EC0-301F-11D3-BF4B-00C04F79EFBC}") = "CourierService", "src\CourierService\CourierService.csproj", "{BE9D9E57-FB18-4BBD-949B-1AAC9F949738}"
EndProject
Project("{FAE04EC0-301F-11D3-BF4B-00C04F79EFBC}") = "CourierService.Core", "src\CourierService.Core\CourierService.Core.csproj", "{96116C04-6D7C-47DE-AA2D-6F8B53B836FF}"
EndProject
Project("{FAE04EC0-301F-11D3-BF4B-00C04F79EFBC}") = "CurationService.Core", "src\CurationService.Core\CurationService.Core.csproj", "{75DEC277-1D98-45C6-8129-FF6B06D82384}"
EndProject
Project("{FAE04EC0-301F-11D3-BF4B-00C04F79EFBC}") = "RestaurantService.Core", "src\RestaurantService.Core\RestaurantService.Core.csproj", "{9421FAF5-03E3-40F2-BCB2-2C1272DA2319}"
EndProject
Project("{FAE04EC0-301F-11D3-BF4B-00C04F79EFBC}") = "Services.Core", "src\Services.Core\Services.Core.csproj", "{910C5877-983D-4639-8D54-37D8F75C182C}"
EndProject
Project("{FAE04EC0-301F-11D3-BF4B-00C04F79EFBC}") = "DatabaseSeederConsole", "src\DatabaseSeederConsole\DatabaseSeederConsole.csproj", "{A694BA50-6C6D-407B-B061-452414532BD9}"
EndProject
Project("{FAE04EC0-301F-11D3-BF4B-00C04F79EFBC}") = "Services.Core.Tests", "src\Services.Core.Tests\Services.Core.Tests.csproj", "{4E4F2CB3-2BA5-4362-A2D4-3108AB89C870}"
EndProject
Project("{FAE04EC0-301F-11D3-BF4B-00C04F79EFBC}") = "RestaurantService.Core.Tests", "src\RestaurantService.Core.Tests\RestaurantService.Core.Tests.csproj", "{F4E7B1D4-ABAD-4FCB-B0C2-B9E8BC317984}"
EndProject
Project("{FAE04EC0-301F-11D3-BF4B-00C04F79EFBC}") = "CourierService.Core.Tests", "src\CourierService.Core.Tests\CourierService.Core.Tests.csproj", "{239A4170-19E5-486C-8859-D1594C83ACE4}"
EndProject
Project("{FAE04EC0-301F-11D3-BF4B-00C04F79EFBC}") = "CourierDispatcherService", "src\CourierDispatcherService\CourierDispatcherService.csproj", "{54EF6047-5C49-431C-94A0-A13B92F16604}"
EndProject
Project("{FAE04EC0-301F-11D3-BF4B-00C04F79EFBC}") = "Service.Grpc.Core", "src\Service.Grpc.Core\Service.Grpc.Core.csproj", "{3C792A0A-D46F-4233-A694-56E00C9A899A}"
EndProject
Project("{FAE04EC0-301F-11D3-BF4B-00C04F79EFBC}") = "Data.Generation", "src\Data.Generation\Data.Generation.csproj", "{86529DC0-FA2D-4B0F-9680-FBFBEFAAC3FF}"
EndProject
Project("{2150E333-8FDC-42A3-9474-1A3956D46DE8}") = "Services", "Services", "{6E09AA84-34C8-4EB9-90BB-ED84B4667A6C}"
EndProject
Project("{2150E333-8FDC-42A3-9474-1A3956D46DE8}") = "Testing", "Testing", "{5C79BF9E-ECED-4AEB-BADD-14D64204C747}"
EndProject
Project("{2150E333-8FDC-42A3-9474-1A3956D46DE8}") = "Core", "Core", "{F3CD2D62-4EE1-4D26-8772-027F91FA1667}"
EndProject
Project("{2150E333-8FDC-42A3-9474-1A3956D46DE8}") = "Data", "Data", "{22F4130C-691A-4D3F-8782-6F7249991FBA}"
EndProject
Project("{FAE04EC0-301F-11D3-BF4B-00C04F79EFBC}") = "CourierWebService", "src\CourierWebService\CourierWebService.csproj", "{6DD14B1D-8F79-48C1-AEED-E8F92C302E73}"
EndProject
Project("{FAE04EC0-301F-11D3-BF4B-00C04F79EFBC}") = "MassTransitSchedulerService", "src\MassTransitSchedulerService\MassTransitSchedulerService.csproj", "{42D28562-A02D-4358-BB73-3311E85A28CF}"
EndProject
Global
	GlobalSection(SolutionConfigurationPlatforms) = preSolution
		Debug|Any CPU = Debug|Any CPU
		Release|Any CPU = Release|Any CPU
	EndGlobalSection
	GlobalSection(ProjectConfigurationPlatforms) = postSolution
		{CEE49915-04B9-4810-910B-40D0A35DB630}.Debug|Any CPU.ActiveCfg = Debug|Any CPU
		{CEE49915-04B9-4810-910B-40D0A35DB630}.Debug|Any CPU.Build.0 = Debug|Any CPU
		{CEE49915-04B9-4810-910B-40D0A35DB630}.Release|Any CPU.ActiveCfg = Release|Any CPU
		{CEE49915-04B9-4810-910B-40D0A35DB630}.Release|Any CPU.Build.0 = Release|Any CPU
		{4DD244BD-E70E-4F22-87B3-A74C966678D7}.Debug|Any CPU.ActiveCfg = Debug|Any CPU
		{4DD244BD-E70E-4F22-87B3-A74C966678D7}.Debug|Any CPU.Build.0 = Debug|Any CPU
		{4DD244BD-E70E-4F22-87B3-A74C966678D7}.Release|Any CPU.ActiveCfg = Release|Any CPU
		{4DD244BD-E70E-4F22-87B3-A74C966678D7}.Release|Any CPU.Build.0 = Release|Any CPU
		{9A2DDE0A-80A9-4DC1-B9CF-01C4F6C7EF06}.Debug|Any CPU.ActiveCfg = Debug|Any CPU
		{9A2DDE0A-80A9-4DC1-B9CF-01C4F6C7EF06}.Debug|Any CPU.Build.0 = Debug|Any CPU
		{9A2DDE0A-80A9-4DC1-B9CF-01C4F6C7EF06}.Release|Any CPU.ActiveCfg = Release|Any CPU
		{9A2DDE0A-80A9-4DC1-B9CF-01C4F6C7EF06}.Release|Any CPU.Build.0 = Release|Any CPU
		{BE9D9E57-FB18-4BBD-949B-1AAC9F949738}.Debug|Any CPU.ActiveCfg = Debug|Any CPU
		{BE9D9E57-FB18-4BBD-949B-1AAC9F949738}.Debug|Any CPU.Build.0 = Debug|Any CPU
		{BE9D9E57-FB18-4BBD-949B-1AAC9F949738}.Release|Any CPU.ActiveCfg = Release|Any CPU
		{BE9D9E57-FB18-4BBD-949B-1AAC9F949738}.Release|Any CPU.Build.0 = Release|Any CPU
		{96116C04-6D7C-47DE-AA2D-6F8B53B836FF}.Debug|Any CPU.ActiveCfg = Debug|Any CPU
		{96116C04-6D7C-47DE-AA2D-6F8B53B836FF}.Debug|Any CPU.Build.0 = Debug|Any CPU
		{96116C04-6D7C-47DE-AA2D-6F8B53B836FF}.Release|Any CPU.ActiveCfg = Release|Any CPU
		{96116C04-6D7C-47DE-AA2D-6F8B53B836FF}.Release|Any CPU.Build.0 = Release|Any CPU
		{75DEC277-1D98-45C6-8129-FF6B06D82384}.Debug|Any CPU.ActiveCfg = Debug|Any CPU
		{75DEC277-1D98-45C6-8129-FF6B06D82384}.Debug|Any CPU.Build.0 = Debug|Any CPU
		{75DEC277-1D98-45C6-8129-FF6B06D82384}.Release|Any CPU.ActiveCfg = Release|Any CPU
		{75DEC277-1D98-45C6-8129-FF6B06D82384}.Release|Any CPU.Build.0 = Release|Any CPU
		{9421FAF5-03E3-40F2-BCB2-2C1272DA2319}.Debug|Any CPU.ActiveCfg = Debug|Any CPU
		{9421FAF5-03E3-40F2-BCB2-2C1272DA2319}.Debug|Any CPU.Build.0 = Debug|Any CPU
		{9421FAF5-03E3-40F2-BCB2-2C1272DA2319}.Release|Any CPU.ActiveCfg = Release|Any CPU
		{9421FAF5-03E3-40F2-BCB2-2C1272DA2319}.Release|Any CPU.Build.0 = Release|Any CPU
		{910C5877-983D-4639-8D54-37D8F75C182C}.Debug|Any CPU.ActiveCfg = Debug|Any CPU
		{910C5877-983D-4639-8D54-37D8F75C182C}.Debug|Any CPU.Build.0 = Debug|Any CPU
		{910C5877-983D-4639-8D54-37D8F75C182C}.Release|Any CPU.ActiveCfg = Release|Any CPU
		{910C5877-983D-4639-8D54-37D8F75C182C}.Release|Any CPU.Build.0 = Release|Any CPU
		{A694BA50-6C6D-407B-B061-452414532BD9}.Debug|Any CPU.ActiveCfg = Debug|Any CPU
		{A694BA50-6C6D-407B-B061-452414532BD9}.Debug|Any CPU.Build.0 = Debug|Any CPU
		{A694BA50-6C6D-407B-B061-452414532BD9}.Release|Any CPU.ActiveCfg = Release|Any CPU
		{A694BA50-6C6D-407B-B061-452414532BD9}.Release|Any CPU.Build.0 = Release|Any CPU
		{4E4F2CB3-2BA5-4362-A2D4-3108AB89C870}.Debug|Any CPU.ActiveCfg = Debug|Any CPU
		{4E4F2CB3-2BA5-4362-A2D4-3108AB89C870}.Debug|Any CPU.Build.0 = Debug|Any CPU
		{4E4F2CB3-2BA5-4362-A2D4-3108AB89C870}.Release|Any CPU.ActiveCfg = Release|Any CPU
		{4E4F2CB3-2BA5-4362-A2D4-3108AB89C870}.Release|Any CPU.Build.0 = Release|Any CPU
		{F4E7B1D4-ABAD-4FCB-B0C2-B9E8BC317984}.Debug|Any CPU.ActiveCfg = Debug|Any CPU
		{F4E7B1D4-ABAD-4FCB-B0C2-B9E8BC317984}.Debug|Any CPU.Build.0 = Debug|Any CPU
		{F4E7B1D4-ABAD-4FCB-B0C2-B9E8BC317984}.Release|Any CPU.ActiveCfg = Release|Any CPU
		{F4E7B1D4-ABAD-4FCB-B0C2-B9E8BC317984}.Release|Any CPU.Build.0 = Release|Any CPU
		{239A4170-19E5-486C-8859-D1594C83ACE4}.Debug|Any CPU.ActiveCfg = Debug|Any CPU
		{239A4170-19E5-486C-8859-D1594C83ACE4}.Debug|Any CPU.Build.0 = Debug|Any CPU
		{239A4170-19E5-486C-8859-D1594C83ACE4}.Release|Any CPU.ActiveCfg = Release|Any CPU
		{239A4170-19E5-486C-8859-D1594C83ACE4}.Release|Any CPU.Build.0 = Release|Any CPU
		{54EF6047-5C49-431C-94A0-A13B92F16604}.Debug|Any CPU.ActiveCfg = Debug|Any CPU
		{54EF6047-5C49-431C-94A0-A13B92F16604}.Debug|Any CPU.Build.0 = Debug|Any CPU
		{54EF6047-5C49-431C-94A0-A13B92F16604}.Release|Any CPU.ActiveCfg = Release|Any CPU
		{54EF6047-5C49-431C-94A0-A13B92F16604}.Release|Any CPU.Build.0 = Release|Any CPU
		{3C792A0A-D46F-4233-A694-56E00C9A899A}.Debug|Any CPU.ActiveCfg = Debug|Any CPU
		{3C792A0A-D46F-4233-A694-56E00C9A899A}.Debug|Any CPU.Build.0 = Debug|Any CPU
		{3C792A0A-D46F-4233-A694-56E00C9A899A}.Release|Any CPU.ActiveCfg = Release|Any CPU
		{3C792A0A-D46F-4233-A694-56E00C9A899A}.Release|Any CPU.Build.0 = Release|Any CPU
		{86529DC0-FA2D-4B0F-9680-FBFBEFAAC3FF}.Debug|Any CPU.ActiveCfg = Debug|Any CPU
		{86529DC0-FA2D-4B0F-9680-FBFBEFAAC3FF}.Debug|Any CPU.Build.0 = Debug|Any CPU
		{86529DC0-FA2D-4B0F-9680-FBFBEFAAC3FF}.Release|Any CPU.ActiveCfg = Release|Any CPU
		{86529DC0-FA2D-4B0F-9680-FBFBEFAAC3FF}.Release|Any CPU.Build.0 = Release|Any CPU
		{6DD14B1D-8F79-48C1-AEED-E8F92C302E73}.Debug|Any CPU.ActiveCfg = Debug|Any CPU
		{6DD14B1D-8F79-48C1-AEED-E8F92C302E73}.Debug|Any CPU.Build.0 = Debug|Any CPU
		{6DD14B1D-8F79-48C1-AEED-E8F92C302E73}.Release|Any CPU.ActiveCfg = Release|Any CPU
		{6DD14B1D-8F79-48C1-AEED-E8F92C302E73}.Release|Any CPU.Build.0 = Release|Any CPU
		{42D28562-A02D-4358-BB73-3311E85A28CF}.Debug|Any CPU.ActiveCfg = Debug|Any CPU
		{42D28562-A02D-4358-BB73-3311E85A28CF}.Debug|Any CPU.Build.0 = Debug|Any CPU
		{42D28562-A02D-4358-BB73-3311E85A28CF}.Release|Any CPU.ActiveCfg = Release|Any CPU
		{42D28562-A02D-4358-BB73-3311E85A28CF}.Release|Any CPU.Build.0 = Release|Any CPU
	EndGlobalSection
	GlobalSection(NestedProjects) = preSolution
		{54EF6047-5C49-431C-94A0-A13B92F16604} = {6E09AA84-34C8-4EB9-90BB-ED84B4667A6C}
		{96116C04-6D7C-47DE-AA2D-6F8B53B836FF} = {F3CD2D62-4EE1-4D26-8772-027F91FA1667}
		{239A4170-19E5-486C-8859-D1594C83ACE4} = {5C79BF9E-ECED-4AEB-BADD-14D64204C747}
		{BE9D9E57-FB18-4BBD-949B-1AAC9F949738} = {6E09AA84-34C8-4EB9-90BB-ED84B4667A6C}
		{4DD244BD-E70E-4F22-87B3-A74C966678D7} = {22F4130C-691A-4D3F-8782-6F7249991FBA}
		{86529DC0-FA2D-4B0F-9680-FBFBEFAAC3FF} = {22F4130C-691A-4D3F-8782-6F7249991FBA}
		{A694BA50-6C6D-407B-B061-452414532BD9} = {22F4130C-691A-4D3F-8782-6F7249991FBA}
		{CEE49915-04B9-4810-910B-40D0A35DB630} = {6E09AA84-34C8-4EB9-90BB-ED84B4667A6C}
		{9A2DDE0A-80A9-4DC1-B9CF-01C4F6C7EF06} = {6E09AA84-34C8-4EB9-90BB-ED84B4667A6C}
		{75DEC277-1D98-45C6-8129-FF6B06D82384} = {F3CD2D62-4EE1-4D26-8772-027F91FA1667}
		{9421FAF5-03E3-40F2-BCB2-2C1272DA2319} = {F3CD2D62-4EE1-4D26-8772-027F91FA1667}
		{3C792A0A-D46F-4233-A694-56E00C9A899A} = {F3CD2D62-4EE1-4D26-8772-027F91FA1667}
		{910C5877-983D-4639-8D54-37D8F75C182C} = {F3CD2D62-4EE1-4D26-8772-027F91FA1667}
		{4E4F2CB3-2BA5-4362-A2D4-3108AB89C870} = {5C79BF9E-ECED-4AEB-BADD-14D64204C747}
		{F4E7B1D4-ABAD-4FCB-B0C2-B9E8BC317984} = {5C79BF9E-ECED-4AEB-BADD-14D64204C747}
		{6DD14B1D-8F79-48C1-AEED-E8F92C302E73} = {6E09AA84-34C8-4EB9-90BB-ED84B4667A6C}
		{42D28562-A02D-4358-BB73-3311E85A28CF} = {6E09AA84-34C8-4EB9-90BB-ED84B4667A6C}
	EndGlobalSection
EndGlobal
